// !$*UTF8*$!
{
	archiveVersion = 1;
	classes = {
	};
	objectVersion = 46;
	objects = {

/* Begin PBXBuildFile section */
		5F0B650A18A3A78800DFB3C1 /* Foundation.framework in Frameworks */ = {isa = PBXBuildFile; fileRef = 5F0B650918A3A78800DFB3C1 /* Foundation.framework */; };
		5F0B650C18A3A78800DFB3C1 /* CoreGraphics.framework in Frameworks */ = {isa = PBXBuildFile; fileRef = 5F0B650B18A3A78800DFB3C1 /* CoreGraphics.framework */; };
		5F0B650E18A3A78800DFB3C1 /* UIKit.framework in Frameworks */ = {isa = PBXBuildFile; fileRef = 5F0B650D18A3A78800DFB3C1 /* UIKit.framework */; };
		5F0B651418A3A78800DFB3C1 /* InfoPlist.strings in Resources */ = {isa = PBXBuildFile; fileRef = 5F0B651218A3A78800DFB3C1 /* InfoPlist.strings */; };
		5F0B651618A3A78800DFB3C1 /* main.m in Sources */ = {isa = PBXBuildFile; fileRef = 5F0B651518A3A78800DFB3C1 /* main.m */; };
		5F0B651A18A3A78800DFB3C1 /* ICSAppDelegate.m in Sources */ = {isa = PBXBuildFile; fileRef = 5F0B651918A3A78800DFB3C1 /* ICSAppDelegate.m */; };
		5F0B653D18A3A82300DFB3C1 /* ICSDrawerController.m in Sources */ = {isa = PBXBuildFile; fileRef = 5F0B653A18A3A82300DFB3C1 /* ICSDrawerController.m */; };
		5F0B653E18A3A82300DFB3C1 /* ICSDropShadowView.m in Sources */ = {isa = PBXBuildFile; fileRef = 5F0B653C18A3A82300DFB3C1 /* ICSDropShadowView.m */; };
		5F0B654718A3AD1C00DFB3C1 /* ICSColorsViewController.m in Sources */ = {isa = PBXBuildFile; fileRef = 5F0B654618A3AD1C00DFB3C1 /* ICSColorsViewController.m */; };
		5F0B654A18A3E2C600DFB3C1 /* ICSPlainColorViewController.m in Sources */ = {isa = PBXBuildFile; fileRef = 5F0B654918A3E2C600DFB3C1 /* ICSPlainColorViewController.m */; };
		5F0B654E18A3F09800DFB3C1 /* Images.xcassets in Resources */ = {isa = PBXBuildFile; fileRef = 5F0B654D18A3F09800DFB3C1 /* Images.xcassets */; };
		C83E4E941CF6880700125794 /* mmController.mm in Sources */ = {isa = PBXBuildFile; fileRef = C83E4E931CF6880700125794 /* mmController.mm */; };
		C83E4E971CF6889C00125794 /* ICSDiTuViewController.m in Sources */ = {isa = PBXBuildFile; fileRef = C83E4E961CF6889C00125794 /* ICSDiTuViewController.m */; };
		C84E3A211CF432F5000B81F2 /* ICSFistViewController.storyboard in Resources */ = {isa = PBXBuildFile; fileRef = C84E3A201CF432F5000B81F2 /* ICSFistViewController.storyboard */; };
		C84E3A251CF44559000B81F2 /* ICSFistViewController.m in Sources */ = {isa = PBXBuildFile; fileRef = C84E3A231CF44559000B81F2 /* ICSFistViewController.m */; };
		C8685DF71CFBD493001070AA /* ICSDiTuViewController.storyboard in Resources */ = {isa = PBXBuildFile; fileRef = C8685DF61CFBD493001070AA /* ICSDiTuViewController.storyboard */; };
		C874744B1CF57CBC000BCB18 /* CZNavigationController.m in Sources */ = {isa = PBXBuildFile; fileRef = C874744A1CF57CBC000BCB18 /* CZNavigationController.m */; };
		C87474501CF57CEC000BCB18 /* UIImage+Ex.m in Sources */ = {isa = PBXBuildFile; fileRef = C874744D1CF57CEC000BCB18 /* UIImage+Ex.m */; };
		C87474511CF57CEC000BCB18 /* UIView+Ex.m in Sources */ = {isa = PBXBuildFile; fileRef = C874744F1CF57CEC000BCB18 /* UIView+Ex.m */; };
		C874747A1CF58548000BCB18 /* ICSMainleftTableViewController.m in Sources */ = {isa = PBXBuildFile; fileRef = C87474791CF58548000BCB18 /* ICSMainleftTableViewController.m */; };
		C874747C1CF58583000BCB18 /* ICSMainleftTableViewController.storyboard in Resources */ = {isa = PBXBuildFile; fileRef = C874747B1CF58583000BCB18 /* ICSMainleftTableViewController.storyboard */; };
/* End PBXBuildFile section */

/* Begin PBXFileReference section */
		5F0B650618A3A78800DFB3C1 /* Colors.app */ = {isa = PBXFileReference; explicitFileType = wrapper.application; includeInIndex = 0; path = Colors.app; sourceTree = BUILT_PRODUCTS_DIR; };
		5F0B650918A3A78800DFB3C1 /* Foundation.framework */ = {isa = PBXFileReference; lastKnownFileType = wrapper.framework; name = Foundation.framework; path = System/Library/Frameworks/Foundation.framework; sourceTree = SDKROOT; };
		5F0B650B18A3A78800DFB3C1 /* CoreGraphics.framework */ = {isa = PBXFileReference; lastKnownFileType = wrapper.framework; name = CoreGraphics.framework; path = System/Library/Frameworks/CoreGraphics.framework; sourceTree = SDKROOT; };
		5F0B650D18A3A78800DFB3C1 /* UIKit.framework */ = {isa = PBXFileReference; lastKnownFileType = wrapper.framework; name = UIKit.framework; path = System/Library/Frameworks/UIKit.framework; sourceTree = SDKROOT; };
		5F0B651118A3A78800DFB3C1 /* Colors-Info.plist */ = {isa = PBXFileReference; lastKnownFileType = text.plist.xml; path = "Colors-Info.plist"; sourceTree = "<group>"; };
		5F0B651318A3A78800DFB3C1 /* en */ = {isa = PBXFileReference; lastKnownFileType = text.plist.strings; name = en; path = en.lproj/InfoPlist.strings; sourceTree = "<group>"; };
		5F0B651518A3A78800DFB3C1 /* main.m */ = {isa = PBXFileReference; lastKnownFileType = sourcecode.c.objc; path = main.m; sourceTree = "<group>"; };
		5F0B651718A3A78800DFB3C1 /* Colors-Prefix.pch */ = {isa = PBXFileReference; lastKnownFileType = sourcecode.c.h; path = "Colors-Prefix.pch"; sourceTree = "<group>"; };
		5F0B651818A3A78800DFB3C1 /* ICSAppDelegate.h */ = {isa = PBXFileReference; lastKnownFileType = sourcecode.c.h; path = ICSAppDelegate.h; sourceTree = "<group>"; };
		5F0B651918A3A78800DFB3C1 /* ICSAppDelegate.m */ = {isa = PBXFileReference; lastKnownFileType = sourcecode.c.objc; path = ICSAppDelegate.m; sourceTree = "<group>"; };
		5F0B653918A3A82300DFB3C1 /* ICSDrawerController.h */ = {isa = PBXFileReference; fileEncoding = 4; lastKnownFileType = sourcecode.c.h; path = ICSDrawerController.h; sourceTree = "<group>"; };
		5F0B653A18A3A82300DFB3C1 /* ICSDrawerController.m */ = {isa = PBXFileReference; fileEncoding = 4; lastKnownFileType = sourcecode.c.objc; path = ICSDrawerController.m; sourceTree = "<group>"; };
		5F0B653B18A3A82300DFB3C1 /* ICSDropShadowView.h */ = {isa = PBXFileReference; fileEncoding = 4; lastKnownFileType = sourcecode.c.h; path = ICSDropShadowView.h; sourceTree = "<group>"; };
		5F0B653C18A3A82300DFB3C1 /* ICSDropShadowView.m */ = {isa = PBXFileReference; fileEncoding = 4; lastKnownFileType = sourcecode.c.objc; path = ICSDropShadowView.m; sourceTree = "<group>"; };
		5F0B654518A3AD1C00DFB3C1 /* ICSColorsViewController.h */ = {isa = PBXFileReference; fileEncoding = 4; lastKnownFileType = sourcecode.c.h; path = ICSColorsViewController.h; sourceTree = "<group>"; };
		5F0B654618A3AD1C00DFB3C1 /* ICSColorsViewController.m */ = {isa = PBXFileReference; fileEncoding = 4; lastKnownFileType = sourcecode.c.objc; path = ICSColorsViewController.m; sourceTree = "<group>"; };
		5F0B654818A3E2C600DFB3C1 /* ICSPlainColorViewController.h */ = {isa = PBXFileReference; fileEncoding = 4; lastKnownFileType = sourcecode.c.h; path = ICSPlainColorViewController.h; sourceTree = "<group>"; };
		5F0B654918A3E2C600DFB3C1 /* ICSPlainColorViewController.m */ = {isa = PBXFileReference; fileEncoding = 4; lastKnownFileType = sourcecode.c.objc; path = ICSPlainColorViewController.m; sourceTree = "<group>"; };
		5F0B654D18A3F09800DFB3C1 /* Images.xcassets */ = {isa = PBXFileReference; lastKnownFileType = folder.assetcatalog; path = Images.xcassets; sourceTree = "<group>"; };
		C83E4E921CF6880700125794 /* mmController.h */ = {isa = PBXFileReference; fileEncoding = 4; lastKnownFileType = sourcecode.c.h; path = mmController.h; sourceTree = "<group>"; };
		C83E4E931CF6880700125794 /* mmController.mm */ = {isa = PBXFileReference; fileEncoding = 4; lastKnownFileType = sourcecode.cpp.objcpp; path = mmController.mm; sourceTree = "<group>"; };
		C83E4E951CF6889C00125794 /* ICSDiTuViewController.h */ = {isa = PBXFileReference; fileEncoding = 4; lastKnownFileType = sourcecode.c.h; path = ICSDiTuViewController.h; sourceTree = "<group>"; };
		C83E4E961CF6889C00125794 /* ICSDiTuViewController.m */ = {isa = PBXFileReference; fileEncoding = 4; lastKnownFileType = sourcecode.c.objc; path = ICSDiTuViewController.m; sourceTree = "<group>"; };
		C84E3A201CF432F5000B81F2 /* ICSFistViewController.storyboard */ = {isa = PBXFileReference; fileEncoding = 4; lastKnownFileType = file.storyboard; path = ICSFistViewController.storyboard; sourceTree = "<group>"; };
		C84E3A221CF44559000B81F2 /* ICSFistViewController.h */ = {isa = PBXFileReference; fileEncoding = 4; lastKnownFileType = sourcecode.c.h; path = ICSFistViewController.h; sourceTree = "<group>"; };
		C84E3A231CF44559000B81F2 /* ICSFistViewController.m */ = {isa = PBXFileReference; fileEncoding = 4; lastKnownFileType = sourcecode.c.objc; path = ICSFistViewController.m; sourceTree = "<group>"; };
		C8685DF61CFBD493001070AA /* ICSDiTuViewController.storyboard */ = {isa = PBXFileReference; fileEncoding = 4; lastKnownFileType = file.storyboard; path = ICSDiTuViewController.storyboard; sourceTree = "<group>"; };
		C87474491CF57CBC000BCB18 /* CZNavigationController.h */ = {isa = PBXFileReference; fileEncoding = 4; lastKnownFileType = sourcecode.c.h; path = CZNavigationController.h; sourceTree = "<group>"; };
		C874744A1CF57CBC000BCB18 /* CZNavigationController.m */ = {isa = PBXFileReference; fileEncoding = 4; lastKnownFileType = sourcecode.c.objc; path = CZNavigationController.m; sourceTree = "<group>"; };
		C874744C1CF57CEC000BCB18 /* UIImage+Ex.h */ = {isa = PBXFileReference; fileEncoding = 4; lastKnownFileType = sourcecode.c.h; path = "UIImage+Ex.h"; sourceTree = "<group>"; };
		C874744D1CF57CEC000BCB18 /* UIImage+Ex.m */ = {isa = PBXFileReference; fileEncoding = 4; lastKnownFileType = sourcecode.c.objc; path = "UIImage+Ex.m"; sourceTree = "<group>"; };
		C874744E1CF57CEC000BCB18 /* UIView+Ex.h */ = {isa = PBXFileReference; fileEncoding = 4; lastKnownFileType = sourcecode.c.h; path = "UIView+Ex.h"; sourceTree = "<group>"; };
		C874744F1CF57CEC000BCB18 /* UIView+Ex.m */ = {isa = PBXFileReference; fileEncoding = 4; lastKnownFileType = sourcecode.c.objc; path = "UIView+Ex.m"; sourceTree = "<group>"; };
		C87474781CF58548000BCB18 /* ICSMainleftTableViewController.h */ = {isa = PBXFileReference; fileEncoding = 4; lastKnownFileType = sourcecode.c.h; path = ICSMainleftTableViewController.h; sourceTree = "<group>"; };
		C87474791CF58548000BCB18 /* ICSMainleftTableViewController.m */ = {isa = PBXFileReference; fileEncoding = 4; lastKnownFileType = sourcecode.c.objc; path = ICSMainleftTableViewController.m; sourceTree = "<group>"; };
		C874747B1CF58583000BCB18 /* ICSMainleftTableViewController.storyboard */ = {isa = PBXFileReference; fileEncoding = 4; lastKnownFileType = file.storyboard; path = ICSMainleftTableViewController.storyboard; sourceTree = "<group>"; };
/* End PBXFileReference section */

/* Begin PBXFrameworksBuildPhase section */
		5F0B650318A3A78800DFB3C1 /* Frameworks */ = {
			isa = PBXFrameworksBuildPhase;
			buildActionMask = 2147483647;
			files = (
				5F0B650C18A3A78800DFB3C1 /* CoreGraphics.framework in Frameworks */,
				5F0B650E18A3A78800DFB3C1 /* UIKit.framework in Frameworks */,
				5F0B650A18A3A78800DFB3C1 /* Foundation.framework in Frameworks */,
			);
			runOnlyForDeploymentPostprocessing = 0;
		};
/* End PBXFrameworksBuildPhase section */

/* Begin PBXGroup section */
		5F0B64FD18A3A78800DFB3C1 = {
			isa = PBXGroup;
			children = (
				C87474521CF584D8000BCB18 /* fistMainLiftInterface */,
				C84E3A181CF42F9F000B81F2 /* Home */,
				C84E3A191CF42F9F000B81F2 /* Model */,
				C84E3A1C1CF42F9F000B81F2 /* ViewController */,
				5F0B650F18A3A78800DFB3C1 /* Colors */,
				5F0B650818A3A78800DFB3C1 /* Frameworks */,
				5F0B650718A3A78800DFB3C1 /* Products */,
			);
			sourceTree = "<group>";
		};
		5F0B650718A3A78800DFB3C1 /* Products */ = {
			isa = PBXGroup;
			children = (
				5F0B650618A3A78800DFB3C1 /* Colors.app */,
			);
			name = Products;
			sourceTree = "<group>";
		};
		5F0B650818A3A78800DFB3C1 /* Frameworks */ = {
			isa = PBXGroup;
			children = (
				5F0B650918A3A78800DFB3C1 /* Foundation.framework */,
				5F0B650B18A3A78800DFB3C1 /* CoreGraphics.framework */,
				5F0B650D18A3A78800DFB3C1 /* UIKit.framework */,
			);
			name = Frameworks;
			sourceTree = "<group>";
		};
		5F0B650F18A3A78800DFB3C1 /* Colors */ = {
			isa = PBXGroup;
			children = (
				5F0B651818A3A78800DFB3C1 /* ICSAppDelegate.h */,
				5F0B651918A3A78800DFB3C1 /* ICSAppDelegate.m */,
				5F0B654518A3AD1C00DFB3C1 /* ICSColorsViewController.h */,
				5F0B654618A3AD1C00DFB3C1 /* ICSColorsViewController.m */,
				5F0B654818A3E2C600DFB3C1 /* ICSPlainColorViewController.h */,
				5F0B654918A3E2C600DFB3C1 /* ICSPlainColorViewController.m */,
				C84E3A201CF432F5000B81F2 /* ICSFistViewController.storyboard */,
				C84E3A221CF44559000B81F2 /* ICSFistViewController.h */,
				C84E3A231CF44559000B81F2 /* ICSFistViewController.m */,
				5F0B653818A3A82300DFB3C1 /* ICSDrawerController */,
				5F0B654D18A3F09800DFB3C1 /* Images.xcassets */,
				5F0B651018A3A78800DFB3C1 /* Supporting Files */,
			);
			path = Colors;
			sourceTree = "<group>";
		};
		5F0B651018A3A78800DFB3C1 /* Supporting Files */ = {
			isa = PBXGroup;
			children = (
				C874744C1CF57CEC000BCB18 /* UIImage+Ex.h */,
				C874744D1CF57CEC000BCB18 /* UIImage+Ex.m */,
				C874744E1CF57CEC000BCB18 /* UIView+Ex.h */,
				C874744F1CF57CEC000BCB18 /* UIView+Ex.m */,
				5F0B651118A3A78800DFB3C1 /* Colors-Info.plist */,
				5F0B651218A3A78800DFB3C1 /* InfoPlist.strings */,
				5F0B651518A3A78800DFB3C1 /* main.m */,
				5F0B651718A3A78800DFB3C1 /* Colors-Prefix.pch */,
			);
			name = "Supporting Files";
			sourceTree = "<group>";
		};
		5F0B653818A3A82300DFB3C1 /* ICSDrawerController */ = {
			isa = PBXGroup;
			children = (
				5F0B653918A3A82300DFB3C1 /* ICSDrawerController.h */,
				5F0B653A18A3A82300DFB3C1 /* ICSDrawerController.m */,
				5F0B653B18A3A82300DFB3C1 /* ICSDropShadowView.h */,
				5F0B653C18A3A82300DFB3C1 /* ICSDropShadowView.m */,
				C83E4E921CF6880700125794 /* mmController.h */,
				C83E4E931CF6880700125794 /* mmController.mm */,
			);
			name = ICSDrawerController;
			path = ../../ICSDrawerController;
			sourceTree = "<group>";
		};
		C84E3A181CF42F9F000B81F2 /* Home */ = {
			isa = PBXGroup;
			children = (
				C83E4E951CF6889C00125794 /* ICSDiTuViewController.h */,
				C83E4E961CF6889C00125794 /* ICSDiTuViewController.m */,
				C8685DF61CFBD493001070AA /* ICSDiTuViewController.storyboard */,
			);
			name = Home;
			path = Colors/Class/Home;
			sourceTree = "<group>";
		};
		C84E3A191CF42F9F000B81F2 /* Model */ = {
			isa = PBXGroup;
			children = (
			);
			name = Model;
			path = Colors/Class/Model;
			sourceTree = "<group>";
		};
		C84E3A1C1CF42F9F000B81F2 /* ViewController */ = {
			isa = PBXGroup;
			children = (
				C87474491CF57CBC000BCB18 /* CZNavigationController.h */,
				C874744A1CF57CBC000BCB18 /* CZNavigationController.m */,
			);
			name = ViewController;
			path = Colors/Class/ViewController;
			sourceTree = "<group>";
		};
		C87474521CF584D8000BCB18 /* fistMainLiftInterface */ = {
			isa = PBXGroup;
			children = (
				C87474781CF58548000BCB18 /* ICSMainleftTableViewController.h */,
				C87474791CF58548000BCB18 /* ICSMainleftTableViewController.m */,
				C874747B1CF58583000BCB18 /* ICSMainleftTableViewController.storyboard */,
				C87474531CF584D8000BCB18 /* BusInquiry(乘车查询) */,
				C87474571CF584D8000BCB18 /* CarOwnerinterface (车主界面) */,
				C874746C1CF584D8000BCB18 /* EvidenceCollection Complain(取证投诉) */,
				C87474701CF584D8000BCB18 /* setUp(设置) */,
				C87474741CF584D8000BCB18 /* travelInformation(出行信息) */,
			);
			name = fistMainLiftInterface;
			path = Colors/Class/fistMainLiftInterface;
			sourceTree = "<group>";
		};
		C87474531CF584D8000BCB18 /* BusInquiry(乘车查询) */ = {
			isa = PBXGroup;
			children = (
				C87474541CF584D8000BCB18 /* Controller */,
				C87474551CF584D8000BCB18 /* Model */,
				C87474561CF584D8000BCB18 /* View */,
			);
			path = "BusInquiry(乘车查询)";
			sourceTree = "<group>";
		};
		C87474541CF584D8000BCB18 /* Controller */ = {
			isa = PBXGroup;
			children = (
			);
			path = Controller;
			sourceTree = "<group>";
		};
		C87474551CF584D8000BCB18 /* Model */ = {
			isa = PBXGroup;
			children = (
			);
			path = Model;
			sourceTree = "<group>";
		};
		C87474561CF584D8000BCB18 /* View */ = {
			isa = PBXGroup;
			children = (
			);
			path = View;
			sourceTree = "<group>";
		};
		C87474571CF584D8000BCB18 /* CarOwnerinterface (车主界面) */ = {
			isa = PBXGroup;
			children = (
				C87474581CF584D8000BCB18 /* breakRulusNotes(车主界面的) */,
				C874745C1CF584D8000BCB18 /* complaintNotes(车主界面的) */,
				C87474601CF584D8000BCB18 /* QualificationsApplication(车主界面的) */,
				C87474641CF584D8000BCB18 /* reportJuBao(车主界面) */,
				C87474681CF584D8000BCB18 /* writeAgreement(车主界面的) */,
			);
			path = "CarOwnerinterface (车主界面)";
			sourceTree = "<group>";
		};
		C87474581CF584D8000BCB18 /* breakRulusNotes(车主界面的) */ = {
			isa = PBXGroup;
			children = (
				C87474591CF584D8000BCB18 /* Controller */,
				C874745A1CF584D8000BCB18 /* Model */,
				C874745B1CF584D8000BCB18 /* View */,
			);
			path = "breakRulusNotes(车主界面的)";
			sourceTree = "<group>";
		};
		C87474591CF584D8000BCB18 /* Controller */ = {
			isa = PBXGroup;
			children = (
			);
			path = Controller;
			sourceTree = "<group>";
		};
		C874745A1CF584D8000BCB18 /* Model */ = {
			isa = PBXGroup;
			children = (
			);
			path = Model;
			sourceTree = "<group>";
		};
		C874745B1CF584D8000BCB18 /* View */ = {
			isa = PBXGroup;
			children = (
			);
			path = View;
			sourceTree = "<group>";
		};
		C874745C1CF584D8000BCB18 /* complaintNotes(车主界面的) */ = {
			isa = PBXGroup;
			children = (
				C874745D1CF584D8000BCB18 /* Controller */,
				C874745E1CF584D8000BCB18 /* Model */,
				C874745F1CF584D8000BCB18 /* View */,
			);
			path = "complaintNotes(车主界面的)";
			sourceTree = "<group>";
		};
		C874745D1CF584D8000BCB18 /* Controller */ = {
			isa = PBXGroup;
			children = (
			);
			path = Controller;
			sourceTree = "<group>";
		};
		C874745E1CF584D8000BCB18 /* Model */ = {
			isa = PBXGroup;
			children = (
			);
			path = Model;
			sourceTree = "<group>";
		};
		C874745F1CF584D8000BCB18 /* View */ = {
			isa = PBXGroup;
			children = (
			);
			path = View;
			sourceTree = "<group>";
		};
		C87474601CF584D8000BCB18 /* QualificationsApplication(车主界面的) */ = {
			isa = PBXGroup;
			children = (
				C87474611CF584D8000BCB18 /* Controller */,
				C87474621CF584D8000BCB18 /* Model */,
				C87474631CF584D8000BCB18 /* View */,
			);
			path = "QualificationsApplication(车主界面的)";
			sourceTree = "<group>";
		};
		C87474611CF584D8000BCB18 /* Controller */ = {
			isa = PBXGroup;
			children = (
			);
			path = Controller;
			sourceTree = "<group>";
		};
		C87474621CF584D8000BCB18 /* Model */ = {
			isa = PBXGroup;
			children = (
			);
			path = Model;
			sourceTree = "<group>";
		};
		C87474631CF584D8000BCB18 /* View */ = {
			isa = PBXGroup;
			children = (
			);
			path = View;
			sourceTree = "<group>";
		};
		C87474641CF584D8000BCB18 /* reportJuBao(车主界面) */ = {
			isa = PBXGroup;
			children = (
				C87474651CF584D8000BCB18 /* Controller */,
				C87474661CF584D8000BCB18 /* Model */,
				C87474671CF584D8000BCB18 /* View */,
			);
			path = "reportJuBao(车主界面)";
			sourceTree = "<group>";
		};
		C87474651CF584D8000BCB18 /* Controller */ = {
			isa = PBXGroup;
			children = (
			);
			path = Controller;
			sourceTree = "<group>";
		};
		C87474661CF584D8000BCB18 /* Model */ = {
			isa = PBXGroup;
			children = (
			);
			path = Model;
			sourceTree = "<group>";
		};
		C87474671CF584D8000BCB18 /* View */ = {
			isa = PBXGroup;
			children = (
			);
			path = View;
			sourceTree = "<group>";
		};
		C87474681CF584D8000BCB18 /* writeAgreement(车主界面的) */ = {
			isa = PBXGroup;
			children = (
				C87474691CF584D8000BCB18 /* Controller */,
				C874746A1CF584D8000BCB18 /* Model */,
				C874746B1CF584D8000BCB18 /* View */,
			);
			path = "writeAgreement(车主界面的)";
			sourceTree = "<group>";
		};
		C87474691CF584D8000BCB18 /* Controller */ = {
			isa = PBXGroup;
			children = (
			);
			path = Controller;
			sourceTree = "<group>";
		};
		C874746A1CF584D8000BCB18 /* Model */ = {
			isa = PBXGroup;
			children = (
			);
			path = Model;
			sourceTree = "<group>";
		};
		C874746B1CF584D8000BCB18 /* View */ = {
			isa = PBXGroup;
			children = (
			);
			path = View;
			sourceTree = "<group>";
		};
		C874746C1CF584D8000BCB18 /* EvidenceCollection Complain(取证投诉) */ = {
			isa = PBXGroup;
			children = (
				C874746D1CF584D8000BCB18 /* Controller */,
				C874746E1CF584D8000BCB18 /* Model */,
				C874746F1CF584D8000BCB18 /* View */,
			);
			path = "EvidenceCollection Complain(取证投诉)";
			sourceTree = "<group>";
		};
		C874746D1CF584D8000BCB18 /* Controller */ = {
			isa = PBXGroup;
			children = (
			);
			path = Controller;
			sourceTree = "<group>";
		};
		C874746E1CF584D8000BCB18 /* Model */ = {
			isa = PBXGroup;
			children = (
			);
			path = Model;
			sourceTree = "<group>";
		};
		C874746F1CF584D8000BCB18 /* View */ = {
			isa = PBXGroup;
			children = (
			);
			path = View;
			sourceTree = "<group>";
		};
		C87474701CF584D8000BCB18 /* setUp(设置) */ = {
			isa = PBXGroup;
			children = (
				C87474711CF584D8000BCB18 /* Controller */,
				C87474721CF584D8000BCB18 /* Model */,
				C87474731CF584D8000BCB18 /* View */,
			);
			path = "setUp(设置)";
			sourceTree = "<group>";
		};
		C87474711CF584D8000BCB18 /* Controller */ = {
			isa = PBXGroup;
			children = (
			);
			path = Controller;
			sourceTree = "<group>";
		};
		C87474721CF584D8000BCB18 /* Model */ = {
			isa = PBXGroup;
			children = (
			);
			path = Model;
			sourceTree = "<group>";
		};
		C87474731CF584D8000BCB18 /* View */ = {
			isa = PBXGroup;
			children = (
			);
			path = View;
			sourceTree = "<group>";
		};
		C87474741CF584D8000BCB18 /* travelInformation(出行信息) */ = {
			isa = PBXGroup;
			children = (
				C87474751CF584D8000BCB18 /* Controller */,
				C87474761CF584D8000BCB18 /* Model */,
				C87474771CF584D8000BCB18 /* View */,
			);
			path = "travelInformation(出行信息)";
			sourceTree = "<group>";
		};
		C87474751CF584D8000BCB18 /* Controller */ = {
			isa = PBXGroup;
			children = (
			);
			path = Controller;
			sourceTree = "<group>";
		};
		C87474761CF584D8000BCB18 /* Model */ = {
			isa = PBXGroup;
			children = (
			);
			path = Model;
			sourceTree = "<group>";
		};
		C87474771CF584D8000BCB18 /* View */ = {
			isa = PBXGroup;
			children = (
			);
			path = View;
			sourceTree = "<group>";
		};
/* End PBXGroup section */

/* Begin PBXNativeTarget section */
		5F0B650518A3A78800DFB3C1 /* Colors */ = {
			isa = PBXNativeTarget;
			buildConfigurationList = 5F0B653218A3A78800DFB3C1 /* Build configuration list for PBXNativeTarget "Colors" */;
			buildPhases = (
				5F0B650218A3A78800DFB3C1 /* Sources */,
				5F0B650318A3A78800DFB3C1 /* Frameworks */,
				5F0B650418A3A78800DFB3C1 /* Resources */,
			);
			buildRules = (
			);
			dependencies = (
			);
			name = Colors;
			productName = Colors;
			productReference = 5F0B650618A3A78800DFB3C1 /* Colors.app */;
			productType = "com.apple.product-type.application";
		};
/* End PBXNativeTarget section */

/* Begin PBXProject section */
		5F0B64FE18A3A78800DFB3C1 /* Project object */ = {
			isa = PBXProject;
			attributes = {
				CLASSPREFIX = ICS;
				LastUpgradeCheck = 0510;
				ORGANIZATIONNAME = "ice cream studios s.r.l.";
				TargetAttributes = {
					5F0B650518A3A78800DFB3C1 = {
						DevelopmentTeam = YDKQ328KHE;
					};
				};
			};
			buildConfigurationList = 5F0B650118A3A78800DFB3C1 /* Build configuration list for PBXProject "Colors" */;
			compatibilityVersion = "Xcode 3.2";
			developmentRegion = English;
			hasScannedForEncodings = 0;
			knownRegions = (
				en,
			);
			mainGroup = 5F0B64FD18A3A78800DFB3C1;
			productRefGroup = 5F0B650718A3A78800DFB3C1 /* Products */;
			projectDirPath = "";
			projectRoot = "";
			targets = (
				5F0B650518A3A78800DFB3C1 /* Colors */,
			);
		};
/* End PBXProject section */

/* Begin PBXResourcesBuildPhase section */
		5F0B650418A3A78800DFB3C1 /* Resources */ = {
			isa = PBXResourcesBuildPhase;
			buildActionMask = 2147483647;
			files = (
				5F0B651418A3A78800DFB3C1 /* InfoPlist.strings in Resources */,
				C84E3A211CF432F5000B81F2 /* ICSFistViewController.storyboard in Resources */,
				C874747C1CF58583000BCB18 /* ICSMainleftTableViewController.storyboard in Resources */,
				5F0B654E18A3F09800DFB3C1 /* Images.xcassets in Resources */,
				C8685DF71CFBD493001070AA /* ICSDiTuViewController.storyboard in Resources */,
			);
			runOnlyForDeploymentPostprocessing = 0;
		};
/* End PBXResourcesBuildPhase section */

/* Begin PBXSourcesBuildPhase section */
		5F0B650218A3A78800DFB3C1 /* Sources */ = {
			isa = PBXSourcesBuildPhase;
			buildActionMask = 2147483647;
			files = (
				5F0B654718A3AD1C00DFB3C1 /* ICSColorsViewController.m in Sources */,
				5F0B654A18A3E2C600DFB3C1 /* ICSPlainColorViewController.m in Sources */,
				5F0B651A18A3A78800DFB3C1 /* ICSAppDelegate.m in Sources */,
				5F0B653D18A3A82300DFB3C1 /* ICSDrawerController.m in Sources */,
				C874747A1CF58548000BCB18 /* ICSMainleftTableViewController.m in Sources */,
				C874744B1CF57CBC000BCB18 /* CZNavigationController.m in Sources */,
				C87474511CF57CEC000BCB18 /* UIView+Ex.m in Sources */,
				C83E4E941CF6880700125794 /* mmController.mm in Sources */,
				5F0B651618A3A78800DFB3C1 /* main.m in Sources */,
				5F0B653E18A3A82300DFB3C1 /* ICSDropShadowView.m in Sources */,
				C83E4E971CF6889C00125794 /* ICSDiTuViewController.m in Sources */,
				C87474501CF57CEC000BCB18 /* UIImage+Ex.m in Sources */,
				C84E3A251CF44559000B81F2 /* ICSFistViewController.m in Sources */,
			);
			runOnlyForDeploymentPostprocessing = 0;
		};
/* End PBXSourcesBuildPhase section */

/* Begin PBXVariantGroup section */
		5F0B651218A3A78800DFB3C1 /* InfoPlist.strings */ = {
			isa = PBXVariantGroup;
			children = (
				5F0B651318A3A78800DFB3C1 /* en */,
			);
			name = InfoPlist.strings;
			sourceTree = "<group>";
		};
/* End PBXVariantGroup section */

/* Begin XCBuildConfiguration section */
		5F0B653018A3A78800DFB3C1 /* Debug */ = {
			isa = XCBuildConfiguration;
			buildSettings = {
				ALWAYS_SEARCH_USER_PATHS = NO;
				CLANG_CXX_LANGUAGE_STANDARD = "gnu++0x";
				CLANG_CXX_LIBRARY = "libc++";
				CLANG_ENABLE_MODULES = YES;
				CLANG_ENABLE_OBJC_ARC = YES;
				CLANG_WARN_BOOL_CONVERSION = YES;
				CLANG_WARN_CONSTANT_CONVERSION = YES;
				CLANG_WARN_DIRECT_OBJC_ISA_USAGE = YES_ERROR;
				CLANG_WARN_EMPTY_BODY = YES;
				CLANG_WARN_ENUM_CONVERSION = YES;
				CLANG_WARN_INT_CONVERSION = YES;
				CLANG_WARN_OBJC_ROOT_CLASS = YES_ERROR;
				CLANG_WARN__DUPLICATE_METHOD_MATCH = YES;
				"CODE_SIGN_IDENTITY[sdk=iphoneos*]" = "iPhone Developer";
				COPY_PHASE_STRIP = NO;
				GCC_C_LANGUAGE_STANDARD = gnu99;
				GCC_DYNAMIC_NO_PIC = NO;
				GCC_OPTIMIZATION_LEVEL = 0;
				GCC_PREPROCESSOR_DEFINITIONS = (
					"DEBUG=1",
					"$(inherited)",
				);
				GCC_SYMBOLS_PRIVATE_EXTERN = NO;
				GCC_WARN_64_TO_32_BIT_CONVERSION = YES;
				GCC_WARN_ABOUT_RETURN_TYPE = YES_ERROR;
				GCC_WARN_UNDECLARED_SELECTOR = YES;
				GCC_WARN_UNINITIALIZED_AUTOS = YES;
				GCC_WARN_UNUSED_FUNCTION = YES;
				GCC_WARN_UNUSED_VARIABLE = YES;
				IPHONEOS_DEPLOYMENT_TARGET = 7.0;
				ONLY_ACTIVE_ARCH = YES;
				SDKROOT = iphoneos;
				TARGETED_DEVICE_FAMILY = "1,2";
			};
			name = Debug;
		};
		5F0B653118A3A78800DFB3C1 /* Release */ = {
			isa = XCBuildConfiguration;
			buildSettings = {
				ALWAYS_SEARCH_USER_PATHS = NO;
				CLANG_CXX_LANGUAGE_STANDARD = "gnu++0x";
				CLANG_CXX_LIBRARY = "libc++";
				CLANG_ENABLE_MODULES = YES;
				CLANG_ENABLE_OBJC_ARC = YES;
				CLANG_WARN_BOOL_CONVERSION = YES;
				CLANG_WARN_CONSTANT_CONVERSION = YES;
				CLANG_WARN_DIRECT_OBJC_ISA_USAGE = YES_ERROR;
				CLANG_WARN_EMPTY_BODY = YES;
				CLANG_WARN_ENUM_CONVERSION = YES;
				CLANG_WARN_INT_CONVERSION = YES;
				CLANG_WARN_OBJC_ROOT_CLASS = YES_ERROR;
				CLANG_WARN__DUPLICATE_METHOD_MATCH = YES;
				"CODE_SIGN_IDENTITY[sdk=iphoneos*]" = "iPhone Developer";
				COPY_PHASE_STRIP = YES;
				ENABLE_NS_ASSERTIONS = NO;
				GCC_C_LANGUAGE_STANDARD = gnu99;
				GCC_WARN_64_TO_32_BIT_CONVERSION = YES;
				GCC_WARN_ABOUT_RETURN_TYPE = YES_ERROR;
				GCC_WARN_UNDECLARED_SELECTOR = YES;
				GCC_WARN_UNINITIALIZED_AUTOS = YES;
				GCC_WARN_UNUSED_FUNCTION = YES;
				GCC_WARN_UNUSED_VARIABLE = YES;
				IPHONEOS_DEPLOYMENT_TARGET = 7.0;
				SDKROOT = iphoneos;
				TARGETED_DEVICE_FAMILY = "1,2";
				VALIDATE_PRODUCT = YES;
			};
			name = Release;
		};
		5F0B653318A3A78800DFB3C1 /* Debug */ = {
			isa = XCBuildConfiguration;
			buildSettings = {
				ASSETCATALOG_COMPILER_APPICON_NAME = AppIcon;
				ASSETCATALOG_COMPILER_LAUNCHIMAGE_NAME = LaunchImage;
				CODE_SIGN_IDENTITY = "iPhone Developer";
				GCC_PRECOMPILE_PREFIX_HEADER = YES;
				GCC_PREFIX_HEADER = "Colors/Colors-Prefix.pch";
				INFOPLIST_FILE = "Colors/Colors-Info.plist";
				IPHONEOS_DEPLOYMENT_TARGET = 8.0;
				PRODUCT_BUNDLE_IDENTIFIER = com.udiosdasdfaea45sd.Colors;
				PRODUCT_NAME = "$(TARGET_NAME)";
				TARGETED_DEVICE_FAMILY = 1;
				WRAPPER_EXTENSION = app;
			};
			name = Debug;
		};
		5F0B653418A3A78800DFB3C1 /* Release */ = {
			isa = XCBuildConfiguration;
			buildSettings = {
				ASSETCATALOG_COMPILER_APPICON_NAME = AppIcon;
				ASSETCATALOG_COMPILER_LAUNCHIMAGE_NAME = LaunchImage;
				CODE_SIGN_IDENTITY = "iPhone Developer";
				GCC_PRECOMPILE_PREFIX_HEADER = YES;
				GCC_PREFIX_HEADER = "Colors/Colors-Prefix.pch";
				INFOPLIST_FILE = "Colors/Colors-Info.plist";
				IPHONEOS_DEPLOYMENT_TARGET = 8.0;
				PRODUCT_BUNDLE_IDENTIFIER = com.udiosdasdfaea45sd.Colors;
				PRODUCT_NAME = "$(TARGET_NAME)";
				TARGETED_DEVICE_FAMILY = 1;
				WRAPPER_EXTENSION = app;
			};
			name = Release;
		};
/* End XCBuildConfiguration section */

/* Begin XCConfigurationList section */
		5F0B650118A3A78800DFB3C1 /* Build configuration list for PBXProject "Colors" */ = {
			isa = XCConfigurationList;
			buildConfigurations = (
				5F0B653018A3A78800DFB3C1 /* Debug */,
				5F0B653118A3A78800DFB3C1 /* Release */,
			);
			defaultConfigurationIsVisible = 0;
			defaultConfigurationName = Release;
		};
		5F0B653218A3A78800DFB3C1 /* Build configuration list for PBXNativeTarget "Colors" */ = {
			isa = XCConfigurationList;
			buildConfigurations = (
				5F0B653318A3A78800DFB3C1 /* Debug */,
				5F0B653418A3A78800DFB3C1 /* Release */,
			);
			defaultConfigurationIsVisible = 0;
			defaultConfigurationName = Release;
		};
/* End XCConfigurationList section */
	};
	rootObject = 5F0B64FE18A3A78800DFB3C1 /* Project object */;
}
