<?xml version="1.0" encoding="UTF-8"?>
<!DOCTYPE plist PUBLIC "-//Apple//DTD PLIST 1.0//EN" "http://www.apple.com/DTDs/PropertyList-1.0.dtd">
<plist version="1.0">
<dict>
	<key>archiveVersion</key>
	<string>1</string>
	<key>classes</key>
	<dict/>
	<key>objectVersion</key>
	<string>46</string>
	<key>objects</key>
	<dict>
		<key>251D578568E09104A895C6CA</key>
		<dict>
			<key>explicitFileType</key>
			<string>archive.ar</string>
			<key>includeInIndex</key>
			<string>0</string>
			<key>isa</key>
			<string>PBXFileReference</string>
			<key>path</key>
			<string>libPods.a</string>
			<key>sourceTree</key>
			<string>BUILT_PRODUCTS_DIR</string>
		</dict>
		<key>4A5E5FE06FD96E8132B38F9A</key>
		<dict>
			<key>buildActionMask</key>
			<string>2147483647</string>
			<key>files</key>
			<array/>
			<key>inputPaths</key>
			<array/>
			<key>isa</key>
			<string>PBXShellScriptBuildPhase</string>
			<key>name</key>
			<string>Copy Pods Resources</string>
			<key>outputPaths</key>
			<array/>
			<key>runOnlyForDeploymentPostprocessing</key>
			<string>0</string>
			<key>shellPath</key>
			<string>/bin/sh</string>
			<key>shellScript</key>
			<string>"${SRCROOT}/Pods/Target Support Files/Pods/Pods-resources.sh"
</string>
			<key>showEnvVarsInLog</key>
			<string>0</string>
		</dict>
		<key>5F0B64FD18A3A78800DFB3C1</key>
		<dict>
			<key>children</key>
			<array>
				<string>C87474521CF584D8000BCB18</string>
				<string>C84E3A181CF42F9F000B81F2</string>
				<string>C84E3A191CF42F9F000B81F2</string>
				<string>C84E3A1C1CF42F9F000B81F2</string>
				<string>5F0B650F18A3A78800DFB3C1</string>
				<string>5F0B650818A3A78800DFB3C1</string>
				<string>5F0B650718A3A78800DFB3C1</string>
				<string>B6899E98227FD58CF78C74A6</string>
			</array>
			<key>isa</key>
			<string>PBXGroup</string>
			<key>sourceTree</key>
			<string>&lt;group&gt;</string>
		</dict>
		<key>5F0B64FE18A3A78800DFB3C1</key>
		<dict>
			<key>attributes</key>
			<dict>
				<key>CLASSPREFIX</key>
				<string>ICS</string>
				<key>LastUpgradeCheck</key>
				<string>0510</string>
				<key>ORGANIZATIONNAME</key>
				<string>ice cream studios s.r.l.</string>
				<key>TargetAttributes</key>
				<dict>
					<key>5F0B650518A3A78800DFB3C1</key>
					<dict>
						<key>DevelopmentTeam</key>
						<string>YDKQ328KHE</string>
					</dict>
				</dict>
			</dict>
			<key>buildConfigurationList</key>
			<string>5F0B650118A3A78800DFB3C1</string>
			<key>compatibilityVersion</key>
			<string>Xcode 3.2</string>
			<key>developmentRegion</key>
			<string>English</string>
			<key>hasScannedForEncodings</key>
			<string>0</string>
			<key>isa</key>
			<string>PBXProject</string>
			<key>knownRegions</key>
			<array>
				<string>en</string>
			</array>
			<key>mainGroup</key>
			<string>5F0B64FD18A3A78800DFB3C1</string>
			<key>productRefGroup</key>
			<string>5F0B650718A3A78800DFB3C1</string>
			<key>projectDirPath</key>
			<string></string>
			<key>projectReferences</key>
			<array/>
			<key>projectRoot</key>
			<string></string>
			<key>targets</key>
			<array>
				<string>5F0B650518A3A78800DFB3C1</string>
			</array>
		</dict>
		<key>5F0B650118A3A78800DFB3C1</key>
		<dict>
			<key>buildConfigurations</key>
			<array>
				<string>5F0B653018A3A78800DFB3C1</string>
				<string>5F0B653118A3A78800DFB3C1</string>
			</array>
			<key>defaultConfigurationIsVisible</key>
			<string>0</string>
			<key>defaultConfigurationName</key>
			<string>Release</string>
			<key>isa</key>
			<string>XCConfigurationList</string>
		</dict>
		<key>5F0B650218A3A78800DFB3C1</key>
		<dict>
			<key>buildActionMask</key>
			<string>2147483647</string>
			<key>files</key>
			<array>
				<string>5F0B654718A3AD1C00DFB3C1</string>
				<string>5F0B654A18A3E2C600DFB3C1</string>
				<string>5F0B651A18A3A78800DFB3C1</string>
				<string>5F0B653D18A3A82300DFB3C1</string>
				<string>C874747A1CF58548000BCB18</string>
				<string>C874744B1CF57CBC000BCB18</string>
				<string>C87474511CF57CEC000BCB18</string>
				<string>C83E4E941CF6880700125794</string>
				<string>5F0B651618A3A78800DFB3C1</string>
				<string>5F0B653E18A3A82300DFB3C1</string>
				<string>C83E4E971CF6889C00125794</string>
				<string>C87474501CF57CEC000BCB18</string>
				<string>C84E3A251CF44559000B81F2</string>
			</array>
			<key>isa</key>
			<string>PBXSourcesBuildPhase</string>
			<key>runOnlyForDeploymentPostprocessing</key>
			<string>0</string>
		</dict>
		<key>5F0B650318A3A78800DFB3C1</key>
		<dict>
			<key>buildActionMask</key>
			<string>2147483647</string>
			<key>files</key>
			<array>
				<string>5F0B650C18A3A78800DFB3C1</string>
				<string>5F0B650E18A3A78800DFB3C1</string>
				<string>5F0B650A18A3A78800DFB3C1</string>
				<string>F4B5EDFB9A37088E1150CCD9</string>
			</array>
			<key>isa</key>
			<string>PBXFrameworksBuildPhase</string>
			<key>runOnlyForDeploymentPostprocessing</key>
			<string>0</string>
		</dict>
		<key>5F0B650418A3A78800DFB3C1</key>
		<dict>
			<key>buildActionMask</key>
			<string>2147483647</string>
			<key>files</key>
			<array>
				<string>5F0B651418A3A78800DFB3C1</string>
				<string>C84E3A211CF432F5000B81F2</string>
				<string>C874747C1CF58583000BCB18</string>
				<string>5F0B654E18A3F09800DFB3C1</string>
				<string>C8685DF71CFBD493001070AA</string>
			</array>
			<key>isa</key>
			<string>PBXResourcesBuildPhase</string>
			<key>runOnlyForDeploymentPostprocessing</key>
			<string>0</string>
		</dict>
		<key>5F0B650518A3A78800DFB3C1</key>
		<dict>
			<key>buildConfigurationList</key>
			<string>5F0B653218A3A78800DFB3C1</string>
			<key>buildPhases</key>
			<array>
				<string>6F03294998E344BAE2F3788B</string>
				<string>5F0B650218A3A78800DFB3C1</string>
				<string>5F0B650318A3A78800DFB3C1</string>
				<string>5F0B650418A3A78800DFB3C1</string>
				<string>A9FACB6EE545AAA93253CF09</string>
				<string>4A5E5FE06FD96E8132B38F9A</string>
			</array>
			<key>buildRules</key>
			<array/>
			<key>dependencies</key>
			<array/>
			<key>isa</key>
			<string>PBXNativeTarget</string>
			<key>name</key>
			<string>Colors</string>
			<key>productName</key>
			<string>Colors</string>
			<key>productReference</key>
			<string>5F0B650618A3A78800DFB3C1</string>
			<key>productType</key>
			<string>com.apple.product-type.application</string>
		</dict>
		<key>5F0B650618A3A78800DFB3C1</key>
		<dict>
			<key>explicitFileType</key>
			<string>wrapper.application</string>
			<key>includeInIndex</key>
			<string>0</string>
			<key>isa</key>
			<string>PBXFileReference</string>
			<key>path</key>
			<string>Colors.app</string>
			<key>sourceTree</key>
			<string>BUILT_PRODUCTS_DIR</string>
		</dict>
		<key>5F0B650718A3A78800DFB3C1</key>
		<dict>
			<key>children</key>
			<array>
				<string>5F0B650618A3A78800DFB3C1</string>
			</array>
			<key>isa</key>
			<string>PBXGroup</string>
			<key>name</key>
			<string>Products</string>
			<key>sourceTree</key>
			<string>&lt;group&gt;</string>
		</dict>
		<key>5F0B650818A3A78800DFB3C1</key>
		<dict>
			<key>children</key>
			<array>
				<string>5F0B650918A3A78800DFB3C1</string>
				<string>5F0B650B18A3A78800DFB3C1</string>
				<string>5F0B650D18A3A78800DFB3C1</string>
				<string>251D578568E09104A895C6CA</string>
			</array>
			<key>isa</key>
			<string>PBXGroup</string>
			<key>name</key>
			<string>Frameworks</string>
			<key>sourceTree</key>
			<string>&lt;group&gt;</string>
		</dict>
		<key>5F0B650918A3A78800DFB3C1</key>
		<dict>
			<key>isa</key>
			<string>PBXFileReference</string>
			<key>lastKnownFileType</key>
			<string>wrapper.framework</string>
			<key>name</key>
			<string>Foundation.framework</string>
			<key>path</key>
			<string>System/Library/Frameworks/Foundation.framework</string>
			<key>sourceTree</key>
			<string>SDKROOT</string>
		</dict>
		<key>5F0B650A18A3A78800DFB3C1</key>
		<dict>
			<key>fileRef</key>
			<string>5F0B650918A3A78800DFB3C1</string>
			<key>isa</key>
			<string>PBXBuildFile</string>
		</dict>
		<key>5F0B650B18A3A78800DFB3C1</key>
		<dict>
			<key>isa</key>
			<string>PBXFileReference</string>
			<key>lastKnownFileType</key>
			<string>wrapper.framework</string>
			<key>name</key>
			<string>CoreGraphics.framework</string>
			<key>path</key>
			<string>System/Library/Frameworks/CoreGraphics.framework</string>
			<key>sourceTree</key>
			<string>SDKROOT</string>
		</dict>
		<key>5F0B650C18A3A78800DFB3C1</key>
		<dict>
			<key>fileRef</key>
			<string>5F0B650B18A3A78800DFB3C1</string>
			<key>isa</key>
			<string>PBXBuildFile</string>
		</dict>
		<key>5F0B650D18A3A78800DFB3C1</key>
		<dict>
			<key>isa</key>
			<string>PBXFileReference</string>
			<key>lastKnownFileType</key>
			<string>wrapper.framework</string>
			<key>name</key>
			<string>UIKit.framework</string>
			<key>path</key>
			<string>System/Library/Frameworks/UIKit.framework</string>
			<key>sourceTree</key>
			<string>SDKROOT</string>
		</dict>
		<key>5F0B650E18A3A78800DFB3C1</key>
		<dict>
			<key>fileRef</key>
			<string>5F0B650D18A3A78800DFB3C1</string>
			<key>isa</key>
			<string>PBXBuildFile</string>
		</dict>
		<key>5F0B650F18A3A78800DFB3C1</key>
		<dict>
			<key>children</key>
			<array>
				<string>5F0B651818A3A78800DFB3C1</string>
				<string>5F0B651918A3A78800DFB3C1</string>
				<string>5F0B654518A3AD1C00DFB3C1</string>
				<string>5F0B654618A3AD1C00DFB3C1</string>
				<string>5F0B654818A3E2C600DFB3C1</string>
				<string>5F0B654918A3E2C600DFB3C1</string>
				<string>C84E3A201CF432F5000B81F2</string>
				<string>C84E3A221CF44559000B81F2</string>
				<string>C84E3A231CF44559000B81F2</string>
				<string>5F0B653818A3A82300DFB3C1</string>
				<string>5F0B654D18A3F09800DFB3C1</string>
				<string>5F0B651018A3A78800DFB3C1</string>
			</array>
			<key>isa</key>
			<string>PBXGroup</string>
			<key>path</key>
			<string>Colors</string>
			<key>sourceTree</key>
			<string>&lt;group&gt;</string>
		</dict>
		<key>5F0B651018A3A78800DFB3C1</key>
		<dict>
			<key>children</key>
			<array>
				<string>C874744C1CF57CEC000BCB18</string>
				<string>C874744D1CF57CEC000BCB18</string>
				<string>C874744E1CF57CEC000BCB18</string>
				<string>C874744F1CF57CEC000BCB18</string>
				<string>5F0B651118A3A78800DFB3C1</string>
				<string>5F0B651218A3A78800DFB3C1</string>
				<string>5F0B651518A3A78800DFB3C1</string>
				<string>5F0B651718A3A78800DFB3C1</string>
			</array>
			<key>isa</key>
			<string>PBXGroup</string>
			<key>name</key>
			<string>Supporting Files</string>
			<key>sourceTree</key>
			<string>&lt;group&gt;</string>
		</dict>
		<key>5F0B651118A3A78800DFB3C1</key>
		<dict>
			<key>isa</key>
			<string>PBXFileReference</string>
			<key>lastKnownFileType</key>
			<string>text.plist.xml</string>
			<key>path</key>
			<string>Colors-Info.plist</string>
			<key>sourceTree</key>
			<string>&lt;group&gt;</string>
		</dict>
		<key>5F0B651218A3A78800DFB3C1</key>
		<dict>
			<key>children</key>
			<array>
				<string>5F0B651318A3A78800DFB3C1</string>
			</array>
			<key>isa</key>
			<string>PBXVariantGroup</string>
			<key>name</key>
			<string>InfoPlist.strings</string>
			<key>sourceTree</key>
			<string>&lt;group&gt;</string>
		</dict>
		<key>5F0B651318A3A78800DFB3C1</key>
		<dict>
			<key>isa</key>
			<string>PBXFileReference</string>
			<key>lastKnownFileType</key>
			<string>text.plist.strings</string>
			<key>name</key>
			<string>en</string>
			<key>path</key>
			<string>en.lproj/InfoPlist.strings</string>
			<key>sourceTree</key>
			<string>&lt;group&gt;</string>
		</dict>
		<key>5F0B651418A3A78800DFB3C1</key>
		<dict>
			<key>fileRef</key>
			<string>5F0B651218A3A78800DFB3C1</string>
			<key>isa</key>
			<string>PBXBuildFile</string>
		</dict>
		<key>5F0B651518A3A78800DFB3C1</key>
		<dict>
			<key>isa</key>
			<string>PBXFileReference</string>
			<key>lastKnownFileType</key>
			<string>sourcecode.c.objc</string>
			<key>path</key>
			<string>main.m</string>
			<key>sourceTree</key>
			<string>&lt;group&gt;</string>
		</dict>
		<key>5F0B651618A3A78800DFB3C1</key>
		<dict>
			<key>fileRef</key>
			<string>5F0B651518A3A78800DFB3C1</string>
			<key>isa</key>
			<string>PBXBuildFile</string>
		</dict>
		<key>5F0B651718A3A78800DFB3C1</key>
		<dict>
			<key>isa</key>
			<string>PBXFileReference</string>
			<key>lastKnownFileType</key>
			<string>sourcecode.c.h</string>
			<key>path</key>
			<string>Colors-Prefix.pch</string>
			<key>sourceTree</key>
			<string>&lt;group&gt;</string>
		</dict>
		<key>5F0B651818A3A78800DFB3C1</key>
		<dict>
			<key>isa</key>
			<string>PBXFileReference</string>
			<key>lastKnownFileType</key>
			<string>sourcecode.c.h</string>
			<key>path</key>
			<string>ICSAppDelegate.h</string>
			<key>sourceTree</key>
			<string>&lt;group&gt;</string>
		</dict>
		<key>5F0B651918A3A78800DFB3C1</key>
		<dict>
			<key>isa</key>
			<string>PBXFileReference</string>
			<key>lastKnownFileType</key>
			<string>sourcecode.c.objc</string>
			<key>path</key>
			<string>ICSAppDelegate.m</string>
			<key>sourceTree</key>
			<string>&lt;group&gt;</string>
		</dict>
		<key>5F0B651A18A3A78800DFB3C1</key>
		<dict>
			<key>fileRef</key>
			<string>5F0B651918A3A78800DFB3C1</string>
			<key>isa</key>
			<string>PBXBuildFile</string>
		</dict>
		<key>5F0B653018A3A78800DFB3C1</key>
		<dict>
			<key>buildSettings</key>
			<dict>
				<key>ALWAYS_SEARCH_USER_PATHS</key>
				<string>NO</string>
				<key>CLANG_CXX_LANGUAGE_STANDARD</key>
				<string>gnu++0x</string>
				<key>CLANG_CXX_LIBRARY</key>
				<string>libc++</string>
				<key>CLANG_ENABLE_MODULES</key>
				<string>YES</string>
				<key>CLANG_ENABLE_OBJC_ARC</key>
				<string>YES</string>
				<key>CLANG_WARN_BOOL_CONVERSION</key>
				<string>YES</string>
				<key>CLANG_WARN_CONSTANT_CONVERSION</key>
				<string>YES</string>
				<key>CLANG_WARN_DIRECT_OBJC_ISA_USAGE</key>
				<string>YES_ERROR</string>
				<key>CLANG_WARN_EMPTY_BODY</key>
				<string>YES</string>
				<key>CLANG_WARN_ENUM_CONVERSION</key>
				<string>YES</string>
				<key>CLANG_WARN_INT_CONVERSION</key>
				<string>YES</string>
				<key>CLANG_WARN_OBJC_ROOT_CLASS</key>
				<string>YES_ERROR</string>
				<key>CLANG_WARN__DUPLICATE_METHOD_MATCH</key>
				<string>YES</string>
				<key>CODE_SIGN_IDENTITY[sdk=iphoneos*]</key>
				<string>iPhone Developer</string>
				<key>COPY_PHASE_STRIP</key>
				<string>NO</string>
				<key>GCC_C_LANGUAGE_STANDARD</key>
				<string>gnu99</string>
				<key>GCC_DYNAMIC_NO_PIC</key>
				<string>NO</string>
				<key>GCC_OPTIMIZATION_LEVEL</key>
				<string>0</string>
				<key>GCC_PREPROCESSOR_DEFINITIONS</key>
				<array>
					<string>DEBUG=1</string>
					<string>$(inherited)</string>
				</array>
				<key>GCC_SYMBOLS_PRIVATE_EXTERN</key>
				<string>NO</string>
				<key>GCC_WARN_64_TO_32_BIT_CONVERSION</key>
				<string>YES</string>
				<key>GCC_WARN_ABOUT_RETURN_TYPE</key>
				<string>YES_ERROR</string>
				<key>GCC_WARN_UNDECLARED_SELECTOR</key>
				<string>YES</string>
				<key>GCC_WARN_UNINITIALIZED_AUTOS</key>
				<string>YES</string>
				<key>GCC_WARN_UNUSED_FUNCTION</key>
				<string>YES</string>
				<key>GCC_WARN_UNUSED_VARIABLE</key>
				<string>YES</string>
				<key>IPHONEOS_DEPLOYMENT_TARGET</key>
				<string>7.0</string>
				<key>ONLY_ACTIVE_ARCH</key>
				<string>YES</string>
				<key>SDKROOT</key>
				<string>iphoneos</string>
				<key>TARGETED_DEVICE_FAMILY</key>
				<string>1,2</string>
			</dict>
			<key>isa</key>
			<string>XCBuildConfiguration</string>
			<key>name</key>
			<string>Debug</string>
		</dict>
		<key>5F0B653118A3A78800DFB3C1</key>
		<dict>
			<key>buildSettings</key>
			<dict>
				<key>ALWAYS_SEARCH_USER_PATHS</key>
				<string>NO</string>
				<key>CLANG_CXX_LANGUAGE_STANDARD</key>
				<string>gnu++0x</string>
				<key>CLANG_CXX_LIBRARY</key>
				<string>libc++</string>
				<key>CLANG_ENABLE_MODULES</key>
				<string>YES</string>
				<key>CLANG_ENABLE_OBJC_ARC</key>
				<string>YES</string>
				<key>CLANG_WARN_BOOL_CONVERSION</key>
				<string>YES</string>
				<key>CLANG_WARN_CONSTANT_CONVERSION</key>
				<string>YES</string>
				<key>CLANG_WARN_DIRECT_OBJC_ISA_USAGE</key>
				<string>YES_ERROR</string>
				<key>CLANG_WARN_EMPTY_BODY</key>
				<string>YES</string>
				<key>CLANG_WARN_ENUM_CONVERSION</key>
				<string>YES</string>
				<key>CLANG_WARN_INT_CONVERSION</key>
				<string>YES</string>
				<key>CLANG_WARN_OBJC_ROOT_CLASS</key>
				<string>YES_ERROR</string>
				<key>CLANG_WARN__DUPLICATE_METHOD_MATCH</key>
				<string>YES</string>
				<key>CODE_SIGN_IDENTITY[sdk=iphoneos*]</key>
				<string>iPhone Developer</string>
				<key>COPY_PHASE_STRIP</key>
				<string>YES</string>
				<key>ENABLE_NS_ASSERTIONS</key>
				<string>NO</string>
				<key>GCC_C_LANGUAGE_STANDARD</key>
				<string>gnu99</string>
				<key>GCC_WARN_64_TO_32_BIT_CONVERSION</key>
				<string>YES</string>
				<key>GCC_WARN_ABOUT_RETURN_TYPE</key>
				<string>YES_ERROR</string>
				<key>GCC_WARN_UNDECLARED_SELECTOR</key>
				<string>YES</string>
				<key>GCC_WARN_UNINITIALIZED_AUTOS</key>
				<string>YES</string>
				<key>GCC_WARN_UNUSED_FUNCTION</key>
				<string>YES</string>
				<key>GCC_WARN_UNUSED_VARIABLE</key>
				<string>YES</string>
				<key>IPHONEOS_DEPLOYMENT_TARGET</key>
				<string>7.0</string>
				<key>SDKROOT</key>
				<string>iphoneos</string>
				<key>TARGETED_DEVICE_FAMILY</key>
				<string>1,2</string>
				<key>VALIDATE_PRODUCT</key>
				<string>YES</string>
			</dict>
			<key>isa</key>
			<string>XCBuildConfiguration</string>
			<key>name</key>
			<string>Release</string>
		</dict>
		<key>5F0B653218A3A78800DFB3C1</key>
		<dict>
			<key>buildConfigurations</key>
			<array>
				<string>5F0B653318A3A78800DFB3C1</string>
				<string>5F0B653418A3A78800DFB3C1</string>
			</array>
			<key>defaultConfigurationIsVisible</key>
			<string>0</string>
			<key>defaultConfigurationName</key>
			<string>Release</string>
			<key>isa</key>
			<string>XCConfigurationList</string>
		</dict>
		<key>5F0B653318A3A78800DFB3C1</key>
		<dict>
			<key>baseConfigurationReference</key>
			<string>DC572523A875718703F194AA</string>
			<key>buildSettings</key>
			<dict>
				<key>ASSETCATALOG_COMPILER_APPICON_NAME</key>
				<string>AppIcon</string>
				<key>ASSETCATALOG_COMPILER_LAUNCHIMAGE_NAME</key>
				<string>LaunchImage</string>
				<key>CODE_SIGN_IDENTITY</key>
				<string>iPhone Developer</string>
				<key>GCC_PRECOMPILE_PREFIX_HEADER</key>
				<string>YES</string>
				<key>GCC_PREFIX_HEADER</key>
				<string>Colors/Colors-Prefix.pch</string>
				<key>INFOPLIST_FILE</key>
				<string>Colors/Colors-Info.plist</string>
				<key>IPHONEOS_DEPLOYMENT_TARGET</key>
				<string>8.0</string>
				<key>PRODUCT_BUNDLE_IDENTIFIER</key>
				<string>com.udiosdasdfaea45sd.Colors</string>
				<key>PRODUCT_NAME</key>
				<string>$(TARGET_NAME)</string>
				<key>TARGETED_DEVICE_FAMILY</key>
				<string>1</string>
				<key>WRAPPER_EXTENSION</key>
				<string>app</string>
			</dict>
			<key>isa</key>
			<string>XCBuildConfiguration</string>
			<key>name</key>
			<string>Debug</string>
		</dict>
		<key>5F0B653418A3A78800DFB3C1</key>
		<dict>
			<key>baseConfigurationReference</key>
			<string>6D6BB3DBC7D07E465FD3AE7C</string>
			<key>buildSettings</key>
			<dict>
				<key>ASSETCATALOG_COMPILER_APPICON_NAME</key>
				<string>AppIcon</string>
				<key>ASSETCATALOG_COMPILER_LAUNCHIMAGE_NAME</key>
				<string>LaunchImage</string>
				<key>CODE_SIGN_IDENTITY</key>
				<string>iPhone Developer</string>
				<key>GCC_PRECOMPILE_PREFIX_HEADER</key>
				<string>YES</string>
				<key>GCC_PREFIX_HEADER</key>
				<string>Colors/Colors-Prefix.pch</string>
				<key>INFOPLIST_FILE</key>
				<string>Colors/Colors-Info.plist</string>
				<key>IPHONEOS_DEPLOYMENT_TARGET</key>
				<string>8.0</string>
				<key>PRODUCT_BUNDLE_IDENTIFIER</key>
				<string>com.udiosdasdfaea45sd.Colors</string>
				<key>PRODUCT_NAME</key>
				<string>$(TARGET_NAME)</string>
				<key>TARGETED_DEVICE_FAMILY</key>
				<string>1</string>
				<key>WRAPPER_EXTENSION</key>
				<string>app</string>
			</dict>
			<key>isa</key>
			<string>XCBuildConfiguration</string>
			<key>name</key>
			<string>Release</string>
		</dict>
		<key>5F0B653818A3A82300DFB3C1</key>
		<dict>
			<key>children</key>
			<array>
				<string>5F0B653918A3A82300DFB3C1</string>
				<string>5F0B653A18A3A82300DFB3C1</string>
				<string>5F0B653B18A3A82300DFB3C1</string>
				<string>5F0B653C18A3A82300DFB3C1</string>
				<string>C83E4E921CF6880700125794</string>
				<string>C83E4E931CF6880700125794</string>
			</array>
			<key>isa</key>
			<string>PBXGroup</string>
			<key>name</key>
			<string>ICSDrawerController</string>
			<key>path</key>
			<string>../../ICSDrawerController</string>
			<key>sourceTree</key>
			<string>&lt;group&gt;</string>
		</dict>
		<key>5F0B653918A3A82300DFB3C1</key>
		<dict>
			<key>fileEncoding</key>
			<string>4</string>
			<key>isa</key>
			<string>PBXFileReference</string>
			<key>lastKnownFileType</key>
			<string>sourcecode.c.h</string>
			<key>path</key>
			<string>ICSDrawerController.h</string>
			<key>sourceTree</key>
			<string>&lt;group&gt;</string>
		</dict>
		<key>5F0B653A18A3A82300DFB3C1</key>
		<dict>
			<key>fileEncoding</key>
			<string>4</string>
			<key>isa</key>
			<string>PBXFileReference</string>
			<key>lastKnownFileType</key>
			<string>sourcecode.c.objc</string>
			<key>path</key>
			<string>ICSDrawerController.m</string>
			<key>sourceTree</key>
			<string>&lt;group&gt;</string>
		</dict>
		<key>5F0B653B18A3A82300DFB3C1</key>
		<dict>
			<key>fileEncoding</key>
			<string>4</string>
			<key>isa</key>
			<string>PBXFileReference</string>
			<key>lastKnownFileType</key>
			<string>sourcecode.c.h</string>
			<key>path</key>
			<string>ICSDropShadowView.h</string>
			<key>sourceTree</key>
			<string>&lt;group&gt;</string>
		</dict>
		<key>5F0B653C18A3A82300DFB3C1</key>
		<dict>
			<key>fileEncoding</key>
			<string>4</string>
			<key>isa</key>
			<string>PBXFileReference</string>
			<key>lastKnownFileType</key>
			<string>sourcecode.c.objc</string>
			<key>path</key>
			<string>ICSDropShadowView.m</string>
			<key>sourceTree</key>
			<string>&lt;group&gt;</string>
		</dict>
		<key>5F0B653D18A3A82300DFB3C1</key>
		<dict>
			<key>fileRef</key>
			<string>5F0B653A18A3A82300DFB3C1</string>
			<key>isa</key>
			<string>PBXBuildFile</string>
		</dict>
		<key>5F0B653E18A3A82300DFB3C1</key>
		<dict>
			<key>fileRef</key>
			<string>5F0B653C18A3A82300DFB3C1</string>
			<key>isa</key>
			<string>PBXBuildFile</string>
		</dict>
		<key>5F0B654518A3AD1C00DFB3C1</key>
		<dict>
			<key>fileEncoding</key>
			<string>4</string>
			<key>isa</key>
			<string>PBXFileReference</string>
			<key>lastKnownFileType</key>
			<string>sourcecode.c.h</string>
			<key>path</key>
			<string>ICSColorsViewController.h</string>
			<key>sourceTree</key>
			<string>&lt;group&gt;</string>
		</dict>
		<key>5F0B654618A3AD1C00DFB3C1</key>
		<dict>
			<key>fileEncoding</key>
			<string>4</string>
			<key>isa</key>
			<string>PBXFileReference</string>
			<key>lastKnownFileType</key>
			<string>sourcecode.c.objc</string>
			<key>path</key>
			<string>ICSColorsViewController.m</string>
			<key>sourceTree</key>
			<string>&lt;group&gt;</string>
		</dict>
		<key>5F0B654718A3AD1C00DFB3C1</key>
		<dict>
			<key>fileRef</key>
			<string>5F0B654618A3AD1C00DFB3C1</string>
			<key>isa</key>
			<string>PBXBuildFile</string>
		</dict>
		<key>5F0B654818A3E2C600DFB3C1</key>
		<dict>
			<key>fileEncoding</key>
			<string>4</string>
			<key>isa</key>
			<string>PBXFileReference</string>
			<key>lastKnownFileType</key>
			<string>sourcecode.c.h</string>
			<key>path</key>
			<string>ICSPlainColorViewController.h</string>
			<key>sourceTree</key>
			<string>&lt;group&gt;</string>
		</dict>
		<key>5F0B654918A3E2C600DFB3C1</key>
		<dict>
			<key>fileEncoding</key>
			<string>4</string>
			<key>isa</key>
			<string>PBXFileReference</string>
			<key>lastKnownFileType</key>
			<string>sourcecode.c.objc</string>
			<key>path</key>
			<string>ICSPlainColorViewController.m</string>
			<key>sourceTree</key>
			<string>&lt;group&gt;</string>
		</dict>
		<key>5F0B654A18A3E2C600DFB3C1</key>
		<dict>
			<key>fileRef</key>
			<string>5F0B654918A3E2C600DFB3C1</string>
			<key>isa</key>
			<string>PBXBuildFile</string>
		</dict>
		<key>5F0B654D18A3F09800DFB3C1</key>
		<dict>
			<key>isa</key>
			<string>PBXFileReference</string>
			<key>lastKnownFileType</key>
			<string>folder.assetcatalog</string>
			<key>path</key>
			<string>Images.xcassets</string>
			<key>sourceTree</key>
			<string>&lt;group&gt;</string>
		</dict>
		<key>5F0B654E18A3F09800DFB3C1</key>
		<dict>
			<key>fileRef</key>
			<string>5F0B654D18A3F09800DFB3C1</string>
			<key>isa</key>
			<string>PBXBuildFile</string>
		</dict>
		<key>6D6BB3DBC7D07E465FD3AE7C</key>
		<dict>
			<key>includeInIndex</key>
			<string>1</string>
			<key>isa</key>
			<string>PBXFileReference</string>
			<key>lastKnownFileType</key>
			<string>text.xcconfig</string>
			<key>name</key>
			<string>Pods.release.xcconfig</string>
			<key>path</key>
			<string>Pods/Target Support Files/Pods/Pods.release.xcconfig</string>
			<key>sourceTree</key>
			<string>&lt;group&gt;</string>
		</dict>
		<key>6F03294998E344BAE2F3788B</key>
		<dict>
			<key>buildActionMask</key>
			<string>2147483647</string>
			<key>files</key>
			<array/>
			<key>inputPaths</key>
			<array/>
			<key>isa</key>
			<string>PBXShellScriptBuildPhase</string>
			<key>name</key>
			<string>Check Pods Manifest.lock</string>
			<key>outputPaths</key>
			<array/>
			<key>runOnlyForDeploymentPostprocessing</key>
			<string>0</string>
			<key>shellPath</key>
			<string>/bin/sh</string>
			<key>shellScript</key>
			<string>diff "${PODS_ROOT}/../Podfile.lock" "${PODS_ROOT}/Manifest.lock" &gt; /dev/null
if [[ $? != 0 ]] ; then
    cat &lt;&lt; EOM
error: The sandbox is not in sync with the Podfile.lock. Run 'pod install' or update your CocoaPods installation.
EOM
    exit 1
fi
</string>
			<key>showEnvVarsInLog</key>
			<string>0</string>
		</dict>
		<key>A9FACB6EE545AAA93253CF09</key>
		<dict>
			<key>buildActionMask</key>
			<string>2147483647</string>
			<key>files</key>
			<array/>
			<key>inputPaths</key>
			<array/>
			<key>isa</key>
			<string>PBXShellScriptBuildPhase</string>
			<key>name</key>
			<string>Embed Pods Frameworks</string>
			<key>outputPaths</key>
			<array/>
			<key>runOnlyForDeploymentPostprocessing</key>
			<string>0</string>
			<key>shellPath</key>
			<string>/bin/sh</string>
			<key>shellScript</key>
			<string>"${SRCROOT}/Pods/Target Support Files/Pods/Pods-frameworks.sh"
</string>
			<key>showEnvVarsInLog</key>
			<string>0</string>
		</dict>
		<key>B6899E98227FD58CF78C74A6</key>
		<dict>
			<key>children</key>
			<array>
				<string>DC572523A875718703F194AA</string>
				<string>6D6BB3DBC7D07E465FD3AE7C</string>
			</array>
			<key>isa</key>
			<string>PBXGroup</string>
			<key>name</key>
			<string>Pods</string>
			<key>sourceTree</key>
			<string>&lt;group&gt;</string>
		</dict>
		<key>C83E4E921CF6880700125794</key>
		<dict>
			<key>fileEncoding</key>
			<string>4</string>
			<key>isa</key>
			<string>PBXFileReference</string>
			<key>lastKnownFileType</key>
			<string>sourcecode.c.h</string>
			<key>path</key>
			<string>mmController.h</string>
			<key>sourceTree</key>
			<string>&lt;group&gt;</string>
		</dict>
		<key>C83E4E931CF6880700125794</key>
		<dict>
			<key>fileEncoding</key>
			<string>4</string>
			<key>isa</key>
			<string>PBXFileReference</string>
			<key>lastKnownFileType</key>
			<string>sourcecode.cpp.objcpp</string>
			<key>path</key>
			<string>mmController.mm</string>
			<key>sourceTree</key>
			<string>&lt;group&gt;</string>
		</dict>
		<key>C83E4E941CF6880700125794</key>
		<dict>
			<key>fileRef</key>
			<string>C83E4E931CF6880700125794</string>
			<key>isa</key>
			<string>PBXBuildFile</string>
		</dict>
		<key>C83E4E951CF6889C00125794</key>
		<dict>
			<key>fileEncoding</key>
			<string>4</string>
			<key>isa</key>
			<string>PBXFileReference</string>
			<key>lastKnownFileType</key>
			<string>sourcecode.c.h</string>
			<key>path</key>
			<string>ICSDiTuViewController.h</string>
			<key>sourceTree</key>
			<string>&lt;group&gt;</string>
		</dict>
		<key>C83E4E961CF6889C00125794</key>
		<dict>
			<key>fileEncoding</key>
			<string>4</string>
			<key>isa</key>
			<string>PBXFileReference</string>
			<key>lastKnownFileType</key>
			<string>sourcecode.c.objc</string>
			<key>path</key>
			<string>ICSDiTuViewController.m</string>
			<key>sourceTree</key>
			<string>&lt;group&gt;</string>
		</dict>
		<key>C83E4E971CF6889C00125794</key>
		<dict>
			<key>fileRef</key>
			<string>C83E4E961CF6889C00125794</string>
			<key>isa</key>
			<string>PBXBuildFile</string>
		</dict>
		<key>C84E3A181CF42F9F000B81F2</key>
		<dict>
			<key>children</key>
			<array>
				<string>C83E4E951CF6889C00125794</string>
				<string>C83E4E961CF6889C00125794</string>
				<string>C8685DF61CFBD493001070AA</string>
			</array>
			<key>isa</key>
			<string>PBXGroup</string>
			<key>name</key>
			<string>Home</string>
			<key>path</key>
			<string>Colors/Class/Home</string>
			<key>sourceTree</key>
			<string>&lt;group&gt;</string>
		</dict>
		<key>C84E3A191CF42F9F000B81F2</key>
		<dict>
			<key>children</key>
			<array/>
			<key>isa</key>
			<string>PBXGroup</string>
			<key>name</key>
			<string>Model</string>
			<key>path</key>
			<string>Colors/Class/Model</string>
			<key>sourceTree</key>
			<string>&lt;group&gt;</string>
		</dict>
		<key>C84E3A1C1CF42F9F000B81F2</key>
		<dict>
			<key>children</key>
			<array>
				<string>C87474491CF57CBC000BCB18</string>
				<string>C874744A1CF57CBC000BCB18</string>
			</array>
			<key>isa</key>
			<string>PBXGroup</string>
			<key>name</key>
			<string>ViewController</string>
			<key>path</key>
			<string>Colors/Class/ViewController</string>
			<key>sourceTree</key>
			<string>&lt;group&gt;</string>
		</dict>
		<key>C84E3A201CF432F5000B81F2</key>
		<dict>
			<key>fileEncoding</key>
			<string>4</string>
			<key>isa</key>
			<string>PBXFileReference</string>
			<key>lastKnownFileType</key>
			<string>file.storyboard</string>
			<key>path</key>
			<string>ICSFistViewController.storyboard</string>
			<key>sourceTree</key>
			<string>&lt;group&gt;</string>
		</dict>
		<key>C84E3A211CF432F5000B81F2</key>
		<dict>
			<key>fileRef</key>
			<string>C84E3A201CF432F5000B81F2</string>
			<key>isa</key>
			<string>PBXBuildFile</string>
		</dict>
		<key>C84E3A221CF44559000B81F2</key>
		<dict>
			<key>fileEncoding</key>
			<string>4</string>
			<key>isa</key>
			<string>PBXFileReference</string>
			<key>lastKnownFileType</key>
			<string>sourcecode.c.h</string>
			<key>path</key>
			<string>ICSFistViewController.h</string>
			<key>sourceTree</key>
			<string>&lt;group&gt;</string>
		</dict>
		<key>C84E3A231CF44559000B81F2</key>
		<dict>
			<key>fileEncoding</key>
			<string>4</string>
			<key>isa</key>
			<string>PBXFileReference</string>
			<key>lastKnownFileType</key>
			<string>sourcecode.c.objc</string>
			<key>path</key>
			<string>ICSFistViewController.m</string>
			<key>sourceTree</key>
			<string>&lt;group&gt;</string>
		</dict>
		<key>C84E3A251CF44559000B81F2</key>
		<dict>
			<key>fileRef</key>
			<string>C84E3A231CF44559000B81F2</string>
			<key>isa</key>
			<string>PBXBuildFile</string>
		</dict>
		<key>C8685DF61CFBD493001070AA</key>
		<dict>
			<key>fileEncoding</key>
			<string>4</string>
			<key>isa</key>
			<string>PBXFileReference</string>
			<key>lastKnownFileType</key>
			<string>file.storyboard</string>
			<key>path</key>
			<string>ICSDiTuViewController.storyboard</string>
			<key>sourceTree</key>
			<string>&lt;group&gt;</string>
		</dict>
		<key>C8685DF71CFBD493001070AA</key>
		<dict>
			<key>fileRef</key>
			<string>C8685DF61CFBD493001070AA</string>
			<key>isa</key>
			<string>PBXBuildFile</string>
		</dict>
		<key>C87474491CF57CBC000BCB18</key>
		<dict>
			<key>fileEncoding</key>
			<string>4</string>
			<key>isa</key>
			<string>PBXFileReference</string>
			<key>lastKnownFileType</key>
			<string>sourcecode.c.h</string>
			<key>path</key>
			<string>CZNavigationController.h</string>
			<key>sourceTree</key>
			<string>&lt;group&gt;</string>
		</dict>
		<key>C874744A1CF57CBC000BCB18</key>
		<dict>
			<key>fileEncoding</key>
			<string>4</string>
			<key>isa</key>
			<string>PBXFileReference</string>
			<key>lastKnownFileType</key>
			<string>sourcecode.c.objc</string>
			<key>path</key>
			<string>CZNavigationController.m</string>
			<key>sourceTree</key>
			<string>&lt;group&gt;</string>
		</dict>
		<key>C874744B1CF57CBC000BCB18</key>
		<dict>
			<key>fileRef</key>
			<string>C874744A1CF57CBC000BCB18</string>
			<key>isa</key>
			<string>PBXBuildFile</string>
		</dict>
		<key>C874744C1CF57CEC000BCB18</key>
		<dict>
			<key>fileEncoding</key>
			<string>4</string>
			<key>isa</key>
			<string>PBXFileReference</string>
			<key>lastKnownFileType</key>
			<string>sourcecode.c.h</string>
			<key>path</key>
			<string>UIImage+Ex.h</string>
			<key>sourceTree</key>
			<string>&lt;group&gt;</string>
		</dict>
		<key>C874744D1CF57CEC000BCB18</key>
		<dict>
			<key>fileEncoding</key>
			<string>4</string>
			<key>isa</key>
			<string>PBXFileReference</string>
			<key>lastKnownFileType</key>
			<string>sourcecode.c.objc</string>
			<key>path</key>
			<string>UIImage+Ex.m</string>
			<key>sourceTree</key>
			<string>&lt;group&gt;</string>
		</dict>
		<key>C874744E1CF57CEC000BCB18</key>
		<dict>
			<key>fileEncoding</key>
			<string>4</string>
			<key>isa</key>
			<string>PBXFileReference</string>
			<key>lastKnownFileType</key>
			<string>sourcecode.c.h</string>
			<key>path</key>
			<string>UIView+Ex.h</string>
			<key>sourceTree</key>
			<string>&lt;group&gt;</string>
		</dict>
		<key>C874744F1CF57CEC000BCB18</key>
		<dict>
			<key>fileEncoding</key>
			<string>4</string>
			<key>isa</key>
			<string>PBXFileReference</string>
			<key>lastKnownFileType</key>
			<string>sourcecode.c.objc</string>
			<key>path</key>
			<string>UIView+Ex.m</string>
			<key>sourceTree</key>
			<string>&lt;group&gt;</string>
		</dict>
		<key>C87474501CF57CEC000BCB18</key>
		<dict>
			<key>fileRef</key>
			<string>C874744D1CF57CEC000BCB18</string>
			<key>isa</key>
			<string>PBXBuildFile</string>
		</dict>
		<key>C87474511CF57CEC000BCB18</key>
		<dict>
			<key>fileRef</key>
			<string>C874744F1CF57CEC000BCB18</string>
			<key>isa</key>
			<string>PBXBuildFile</string>
		</dict>
		<key>C87474521CF584D8000BCB18</key>
		<dict>
			<key>children</key>
			<array>
				<string>C87474781CF58548000BCB18</string>
				<string>C87474791CF58548000BCB18</string>
				<string>C874747B1CF58583000BCB18</string>
				<string>C87474531CF584D8000BCB18</string>
				<string>C87474571CF584D8000BCB18</string>
				<string>C874746C1CF584D8000BCB18</string>
				<string>C87474701CF584D8000BCB18</string>
				<string>C87474741CF584D8000BCB18</string>
			</array>
			<key>isa</key>
			<string>PBXGroup</string>
			<key>name</key>
			<string>fistMainLiftInterface</string>
			<key>path</key>
			<string>Colors/Class/fistMainLiftInterface</string>
			<key>sourceTree</key>
			<string>&lt;group&gt;</string>
		</dict>
		<key>C87474531CF584D8000BCB18</key>
		<dict>
			<key>children</key>
			<array>
				<string>C87474541CF584D8000BCB18</string>
				<string>C87474551CF584D8000BCB18</string>
				<string>C87474561CF584D8000BCB18</string>
			</array>
			<key>isa</key>
			<string>PBXGroup</string>
			<key>path</key>
			<string>BusInquiry(&#20056;&#36710;&#26597;&#35810;)</string>
			<key>sourceTree</key>
			<string>&lt;group&gt;</string>
		</dict>
		<key>C87474541CF584D8000BCB18</key>
		<dict>
			<key>children</key>
			<array/>
			<key>isa</key>
			<string>PBXGroup</string>
			<key>path</key>
			<string>Controller</string>
			<key>sourceTree</key>
			<string>&lt;group&gt;</string>
		</dict>
		<key>C87474551CF584D8000BCB18</key>
		<dict>
			<key>children</key>
			<array/>
			<key>isa</key>
			<string>PBXGroup</string>
			<key>path</key>
			<string>Model</string>
			<key>sourceTree</key>
			<string>&lt;group&gt;</string>
		</dict>
		<key>C87474561CF584D8000BCB18</key>
		<dict>
			<key>children</key>
			<array/>
			<key>isa</key>
			<string>PBXGroup</string>
			<key>path</key>
			<string>View</string>
			<key>sourceTree</key>
			<string>&lt;group&gt;</string>
		</dict>
		<key>C87474571CF584D8000BCB18</key>
		<dict>
			<key>children</key>
			<array>
				<string>C87474581CF584D8000BCB18</string>
				<string>C874745C1CF584D8000BCB18</string>
				<string>C87474601CF584D8000BCB18</string>
				<string>C87474641CF584D8000BCB18</string>
				<string>C87474681CF584D8000BCB18</string>
			</array>
			<key>isa</key>
			<string>PBXGroup</string>
			<key>path</key>
			<string>CarOwnerinterface (&#36710;&#20027;&#30028;&#38754;)</string>
			<key>sourceTree</key>
			<string>&lt;group&gt;</string>
		</dict>
		<key>C87474581CF584D8000BCB18</key>
		<dict>
			<key>children</key>
			<array>
				<string>C87474591CF584D8000BCB18</string>
				<string>C874745A1CF584D8000BCB18</string>
				<string>C874745B1CF584D8000BCB18</string>
			</array>
			<key>isa</key>
			<string>PBXGroup</string>
			<key>path</key>
			<string>breakRulusNotes(&#36710;&#20027;&#30028;&#38754;&#30340;)</string>
			<key>sourceTree</key>
			<string>&lt;group&gt;</string>
		</dict>
		<key>C87474591CF584D8000BCB18</key>
		<dict>
			<key>children</key>
			<array/>
			<key>isa</key>
			<string>PBXGroup</string>
			<key>path</key>
			<string>Controller</string>
			<key>sourceTree</key>
			<string>&lt;group&gt;</string>
		</dict>
		<key>C874745A1CF584D8000BCB18</key>
		<dict>
			<key>children</key>
			<array/>
			<key>isa</key>
			<string>PBXGroup</string>
			<key>path</key>
			<string>Model</string>
			<key>sourceTree</key>
			<string>&lt;group&gt;</string>
		</dict>
		<key>C874745B1CF584D8000BCB18</key>
		<dict>
			<key>children</key>
			<array/>
			<key>isa</key>
			<string>PBXGroup</string>
			<key>path</key>
			<string>View</string>
			<key>sourceTree</key>
			<string>&lt;group&gt;</string>
		</dict>
		<key>C874745C1CF584D8000BCB18</key>
		<dict>
			<key>children</key>
			<array>
				<string>C874745D1CF584D8000BCB18</string>
				<string>C874745E1CF584D8000BCB18</string>
				<string>C874745F1CF584D8000BCB18</string>
			</array>
			<key>isa</key>
			<string>PBXGroup</string>
			<key>path</key>
			<string>complaintNotes(&#36710;&#20027;&#30028;&#38754;&#30340;)</string>
			<key>sourceTree</key>
			<string>&lt;group&gt;</string>
		</dict>
		<key>C874745D1CF584D8000BCB18</key>
		<dict>
			<key>children</key>
			<array/>
			<key>isa</key>
			<string>PBXGroup</string>
			<key>path</key>
			<string>Controller</string>
			<key>sourceTree</key>
			<string>&lt;group&gt;</string>
		</dict>
		<key>C874745E1CF584D8000BCB18</key>
		<dict>
			<key>children</key>
			<array/>
			<key>isa</key>
			<string>PBXGroup</string>
			<key>path</key>
			<string>Model</string>
			<key>sourceTree</key>
			<string>&lt;group&gt;</string>
		</dict>
		<key>C874745F1CF584D8000BCB18</key>
		<dict>
			<key>children</key>
			<array/>
			<key>isa</key>
			<string>PBXGroup</string>
			<key>path</key>
			<string>View</string>
			<key>sourceTree</key>
			<string>&lt;group&gt;</string>
		</dict>
		<key>C87474601CF584D8000BCB18</key>
		<dict>
			<key>children</key>
			<array>
				<string>C87474611CF584D8000BCB18</string>
				<string>C87474621CF584D8000BCB18</string>
				<string>C87474631CF584D8000BCB18</string>
			</array>
			<key>isa</key>
			<string>PBXGroup</string>
			<key>path</key>
			<string>QualificationsApplication(&#36710;&#20027;&#30028;&#38754;&#30340;)</string>
			<key>sourceTree</key>
			<string>&lt;group&gt;</string>
		</dict>
		<key>C87474611CF584D8000BCB18</key>
		<dict>
			<key>children</key>
			<array/>
			<key>isa</key>
			<string>PBXGroup</string>
			<key>path</key>
			<string>Controller</string>
			<key>sourceTree</key>
			<string>&lt;group&gt;</string>
		</dict>
		<key>C87474621CF584D8000BCB18</key>
		<dict>
			<key>children</key>
			<array/>
			<key>isa</key>
			<string>PBXGroup</string>
			<key>path</key>
			<string>Model</string>
			<key>sourceTree</key>
			<string>&lt;group&gt;</string>
		</dict>
		<key>C87474631CF584D8000BCB18</key>
		<dict>
			<key>children</key>
			<array/>
			<key>isa</key>
			<string>PBXGroup</string>
			<key>path</key>
			<string>View</string>
			<key>sourceTree</key>
			<string>&lt;group&gt;</string>
		</dict>
		<key>C87474641CF584D8000BCB18</key>
		<dict>
			<key>children</key>
			<array>
				<string>C87474651CF584D8000BCB18</string>
				<string>C87474661CF584D8000BCB18</string>
				<string>C87474671CF584D8000BCB18</string>
			</array>
			<key>isa</key>
			<string>PBXGroup</string>
			<key>path</key>
			<string>reportJuBao(&#36710;&#20027;&#30028;&#38754;)</string>
			<key>sourceTree</key>
			<string>&lt;group&gt;</string>
		</dict>
		<key>C87474651CF584D8000BCB18</key>
		<dict>
			<key>children</key>
			<array/>
			<key>isa</key>
			<string>PBXGroup</string>
			<key>path</key>
			<string>Controller</string>
			<key>sourceTree</key>
			<string>&lt;group&gt;</string>
		</dict>
		<key>C87474661CF584D8000BCB18</key>
		<dict>
			<key>children</key>
			<array/>
			<key>isa</key>
			<string>PBXGroup</string>
			<key>path</key>
			<string>Model</string>
			<key>sourceTree</key>
			<string>&lt;group&gt;</string>
		</dict>
		<key>C87474671CF584D8000BCB18</key>
		<dict>
			<key>children</key>
			<array/>
			<key>isa</key>
			<string>PBXGroup</string>
			<key>path</key>
			<string>View</string>
			<key>sourceTree</key>
			<string>&lt;group&gt;</string>
		</dict>
		<key>C87474681CF584D8000BCB18</key>
		<dict>
			<key>children</key>
			<array>
				<string>C87474691CF584D8000BCB18</string>
				<string>C874746A1CF584D8000BCB18</string>
				<string>C874746B1CF584D8000BCB18</string>
			</array>
			<key>isa</key>
			<string>PBXGroup</string>
			<key>path</key>
			<string>writeAgreement(&#36710;&#20027;&#30028;&#38754;&#30340;)</string>
			<key>sourceTree</key>
			<string>&lt;group&gt;</string>
		</dict>
		<key>C87474691CF584D8000BCB18</key>
		<dict>
			<key>children</key>
			<array/>
			<key>isa</key>
			<string>PBXGroup</string>
			<key>path</key>
			<string>Controller</string>
			<key>sourceTree</key>
			<string>&lt;group&gt;</string>
		</dict>
		<key>C874746A1CF584D8000BCB18</key>
		<dict>
			<key>children</key>
			<array/>
			<key>isa</key>
			<string>PBXGroup</string>
			<key>path</key>
			<string>Model</string>
			<key>sourceTree</key>
			<string>&lt;group&gt;</string>
		</dict>
		<key>C874746B1CF584D8000BCB18</key>
		<dict>
			<key>children</key>
			<array/>
			<key>isa</key>
			<string>PBXGroup</string>
			<key>path</key>
			<string>View</string>
			<key>sourceTree</key>
			<string>&lt;group&gt;</string>
		</dict>
		<key>C874746C1CF584D8000BCB18</key>
		<dict>
			<key>children</key>
			<array>
				<string>C874746D1CF584D8000BCB18</string>
				<string>C874746E1CF584D8000BCB18</string>
				<string>C874746F1CF584D8000BCB18</string>
			</array>
			<key>isa</key>
			<string>PBXGroup</string>
			<key>path</key>
			<string>EvidenceCollection Complain(&#21462;&#35777;&#25237;&#35785;)</string>
			<key>sourceTree</key>
			<string>&lt;group&gt;</string>
		</dict>
		<key>C874746D1CF584D8000BCB18</key>
		<dict>
			<key>children</key>
			<array/>
			<key>isa</key>
			<string>PBXGroup</string>
			<key>path</key>
			<string>Controller</string>
			<key>sourceTree</key>
			<string>&lt;group&gt;</string>
		</dict>
		<key>C874746E1CF584D8000BCB18</key>
		<dict>
			<key>children</key>
			<array/>
			<key>isa</key>
			<string>PBXGroup</string>
			<key>path</key>
			<string>Model</string>
			<key>sourceTree</key>
			<string>&lt;group&gt;</string>
		</dict>
		<key>C874746F1CF584D8000BCB18</key>
		<dict>
			<key>children</key>
			<array/>
			<key>isa</key>
			<string>PBXGroup</string>
			<key>path</key>
			<string>View</string>
			<key>sourceTree</key>
			<string>&lt;group&gt;</string>
		</dict>
		<key>C87474701CF584D8000BCB18</key>
		<dict>
			<key>children</key>
			<array>
				<string>C87474711CF584D8000BCB18</string>
				<string>C87474721CF584D8000BCB18</string>
				<string>C87474731CF584D8000BCB18</string>
			</array>
			<key>isa</key>
			<string>PBXGroup</string>
			<key>path</key>
			<string>setUp(&#35774;&#32622;)</string>
			<key>sourceTree</key>
			<string>&lt;group&gt;</string>
		</dict>
		<key>C87474711CF584D8000BCB18</key>
		<dict>
			<key>children</key>
			<array/>
			<key>isa</key>
			<string>PBXGroup</string>
			<key>path</key>
			<string>Controller</string>
			<key>sourceTree</key>
			<string>&lt;group&gt;</string>
		</dict>
		<key>C87474721CF584D8000BCB18</key>
		<dict>
			<key>children</key>
			<array/>
			<key>isa</key>
			<string>PBXGroup</string>
			<key>path</key>
			<string>Model</string>
			<key>sourceTree</key>
			<string>&lt;group&gt;</string>
		</dict>
		<key>C87474731CF584D8000BCB18</key>
		<dict>
			<key>children</key>
			<array/>
			<key>isa</key>
			<string>PBXGroup</string>
			<key>path</key>
			<string>View</string>
			<key>sourceTree</key>
			<string>&lt;group&gt;</string>
		</dict>
		<key>C87474741CF584D8000BCB18</key>
		<dict>
			<key>children</key>
			<array>
				<string>C87474751CF584D8000BCB18</string>
				<string>C87474761CF584D8000BCB18</string>
				<string>C87474771CF584D8000BCB18</string>
			</array>
			<key>isa</key>
			<string>PBXGroup</string>
			<key>path</key>
			<string>travelInformation(&#20986;&#34892;&#20449;&#24687;)</string>
			<key>sourceTree</key>
			<string>&lt;group&gt;</string>
		</dict>
		<key>C87474751CF584D8000BCB18</key>
		<dict>
			<key>children</key>
			<array/>
			<key>isa</key>
			<string>PBXGroup</string>
			<key>path</key>
			<string>Controller</string>
			<key>sourceTree</key>
			<string>&lt;group&gt;</string>
		</dict>
		<key>C87474761CF584D8000BCB18</key>
		<dict>
			<key>children</key>
			<array/>
			<key>isa</key>
			<string>PBXGroup</string>
			<key>path</key>
			<string>Model</string>
			<key>sourceTree</key>
			<string>&lt;group&gt;</string>
		</dict>
		<key>C87474771CF584D8000BCB18</key>
		<dict>
			<key>children</key>
			<array/>
			<key>isa</key>
			<string>PBXGroup</string>
			<key>path</key>
			<string>View</string>
			<key>sourceTree</key>
			<string>&lt;group&gt;</string>
		</dict>
		<key>C87474781CF58548000BCB18</key>
		<dict>
			<key>fileEncoding</key>
			<string>4</string>
			<key>isa</key>
			<string>PBXFileReference</string>
			<key>lastKnownFileType</key>
			<string>sourcecode.c.h</string>
			<key>path</key>
			<string>ICSMainleftTableViewController.h</string>
			<key>sourceTree</key>
			<string>&lt;group&gt;</string>
		</dict>
		<key>C87474791CF58548000BCB18</key>
		<dict>
			<key>fileEncoding</key>
			<string>4</string>
			<key>isa</key>
			<string>PBXFileReference</string>
			<key>lastKnownFileType</key>
			<string>sourcecode.c.objc</string>
			<key>path</key>
			<string>ICSMainleftTableViewController.m</string>
			<key>sourceTree</key>
			<string>&lt;group&gt;</string>
		</dict>
		<key>C874747A1CF58548000BCB18</key>
		<dict>
			<key>fileRef</key>
			<string>C87474791CF58548000BCB18</string>
			<key>isa</key>
			<string>PBXBuildFile</string>
		</dict>
		<key>C874747B1CF58583000BCB18</key>
		<dict>
			<key>fileEncoding</key>
			<string>4</string>
			<key>isa</key>
			<string>PBXFileReference</string>
			<key>lastKnownFileType</key>
			<string>file.storyboard</string>
			<key>path</key>
			<string>ICSMainleftTableViewController.storyboard</string>
			<key>sourceTree</key>
			<string>&lt;group&gt;</string>
		</dict>
		<key>C874747C1CF58583000BCB18</key>
		<dict>
			<key>fileRef</key>
			<string>C874747B1CF58583000BCB18</string>
			<key>isa</key>
			<string>PBXBuildFile</string>
		</dict>
		<key>DC572523A875718703F194AA</key>
		<dict>
			<key>includeInIndex</key>
			<string>1</string>
			<key>isa</key>
			<string>PBXFileReference</string>
			<key>lastKnownFileType</key>
			<string>text.xcconfig</string>
			<key>name</key>
			<string>Pods.debug.xcconfig</string>
			<key>path</key>
			<string>Pods/Target Support Files/Pods/Pods.debug.xcconfig</string>
			<key>sourceTree</key>
			<string>&lt;group&gt;</string>
		</dict>
		<key>F4B5EDFB9A37088E1150CCD9</key>
		<dict>
			<key>fileRef</key>
			<string>251D578568E09104A895C6CA</string>
			<key>isa</key>
			<string>PBXBuildFile</string>
		</dict>
	</dict>
	<key>rootObject</key>
	<string>5F0B64FE18A3A78800DFB3C1</string>
</dict>
</plist>
